// !$*UTF8*$!
{
	archiveVersion = 1;
	classes = {
	};
	objectVersion = 46;
	objects = {

/* Begin PBXBuildFile section */
		2B1C96261F95B70600B040F6 /* ExampleOneController.m in Sources */ = {isa = PBXBuildFile; fileRef = 2B1C96251F95B70600B040F6 /* ExampleOneController.m */; };
		2B488CC0202580F90004BACA /* placeholderImage.png in Resources */ = {isa = PBXBuildFile; fileRef = 2B488CBF202580F90004BACA /* placeholderImage.png */; };
		2B617DB920550A12005E9E90 /* JLExampleController.m in Sources */ = {isa = PBXBuildFile; fileRef = 2B617DB820550A12005E9E90 /* JLExampleController.m */; };
		2B92751B1FD8E3F900D177E1 /* JLCycScrCustomCell.m in Sources */ = {isa = PBXBuildFile; fileRef = 2B9275191FD8E3F900D177E1 /* JLCycScrCustomCell.m */; };
		2B92751C1FD8E3F900D177E1 /* JLCycScrCustomCell.xib in Resources */ = {isa = PBXBuildFile; fileRef = 2B92751A1FD8E3F900D177E1 /* JLCycScrCustomCell.xib */; };
		2B9275291FD90CB000D177E1 /* ExampleModel.m in Sources */ = {isa = PBXBuildFile; fileRef = 2B9275281FD90CB000D177E1 /* ExampleModel.m */; };
		2B9927DC1F77FE7F00FBC958 /* main.m in Sources */ = {isa = PBXBuildFile; fileRef = 2B9927DB1F77FE7F00FBC958 /* main.m */; };
		2B9927DF1F77FE7F00FBC958 /* AppDelegate.m in Sources */ = {isa = PBXBuildFile; fileRef = 2B9927DE1F77FE7F00FBC958 /* AppDelegate.m */; };
		2B9927E51F77FE8000FBC958 /* Main.storyboard in Resources */ = {isa = PBXBuildFile; fileRef = 2B9927E31F77FE8000FBC958 /* Main.storyboard */; };
		2B9927E71F77FE8000FBC958 /* Assets.xcassets in Resources */ = {isa = PBXBuildFile; fileRef = 2B9927E61F77FE8000FBC958 /* Assets.xcassets */; };
		2B9927EA1F77FE8000FBC958 /* LaunchScreen.storyboard in Resources */ = {isa = PBXBuildFile; fileRef = 2B9927E81F77FE8000FBC958 /* LaunchScreen.storyboard */; };
		2BBCB61E1FEF5BF100A5CE10 /* JLMainViewController.m in Sources */ = {isa = PBXBuildFile; fileRef = 2BBCB61D1FEF5BF100A5CE10 /* JLMainViewController.m */; };
		2BBCB6271FF1581700A5CE10 /* ExampleTwoController.m in Sources */ = {isa = PBXBuildFile; fileRef = 2BBCB6251FF1581700A5CE10 /* ExampleTwoController.m */; };
		2BF34B1C1FD5452E00F30ECD /* JLCycleScrollerView.m in Sources */ = {isa = PBXBuildFile; fileRef = 2BF34B141FD5452E00F30ECD /* JLCycleScrollerView.m */; };
		2BF34B1D1FD5452E00F30ECD /* JLCycScrollDefaultCell.m in Sources */ = {isa = PBXBuildFile; fileRef = 2BF34B161FD5452E00F30ECD /* JLCycScrollDefaultCell.m */; };
		2BF34B1F1FD5452E00F30ECD /* JLPageControl.m in Sources */ = {isa = PBXBuildFile; fileRef = 2BF34B191FD5452E00F30ECD /* JLPageControl.m */; };
		8E561FAD63EA633EF405E9D6 /* libPods-JLCycleScrollView.a in Frameworks */ = {isa = PBXBuildFile; fileRef = 8231E785ADE7AAE4ACB602F1 /* libPods-JLCycleScrollView.a */; };
/* End PBXBuildFile section */

/* Begin PBXFileReference section */
		2B18CAA11FDDA5B60089E353 /* JLCycSrollCellDataProtocol.h */ = {isa = PBXFileReference; lastKnownFileType = sourcecode.c.h; path = JLCycSrollCellDataProtocol.h; sourceTree = "<group>"; };
		2B1C96241F95B70600B040F6 /* ExampleOneController.h */ = {isa = PBXFileReference; lastKnownFileType = sourcecode.c.h; path = ExampleOneController.h; sourceTree = "<group>"; };
		2B1C96251F95B70600B040F6 /* ExampleOneController.m */ = {isa = PBXFileReference; lastKnownFileType = sourcecode.c.objc; path = ExampleOneController.m; sourceTree = "<group>"; };
		2B488CBF202580F90004BACA /* placeholderImage.png */ = {isa = PBXFileReference; lastKnownFileType = image.png; path = placeholderImage.png; sourceTree = "<group>"; };
		2B617DB720550A12005E9E90 /* JLExampleController.h */ = {isa = PBXFileReference; lastKnownFileType = sourcecode.c.h; path = JLExampleController.h; sourceTree = "<group>"; };
		2B617DB820550A12005E9E90 /* JLExampleController.m */ = {isa = PBXFileReference; lastKnownFileType = sourcecode.c.objc; path = JLExampleController.m; sourceTree = "<group>"; };
		2B9275181FD8E3F900D177E1 /* JLCycScrCustomCell.h */ = {isa = PBXFileReference; lastKnownFileType = sourcecode.c.h; path = JLCycScrCustomCell.h; sourceTree = "<group>"; };
		2B9275191FD8E3F900D177E1 /* JLCycScrCustomCell.m */ = {isa = PBXFileReference; lastKnownFileType = sourcecode.c.objc; path = JLCycScrCustomCell.m; sourceTree = "<group>"; };
		2B92751A1FD8E3F900D177E1 /* JLCycScrCustomCell.xib */ = {isa = PBXFileReference; lastKnownFileType = file.xib; path = JLCycScrCustomCell.xib; sourceTree = "<group>"; };
		2B9275271FD90CB000D177E1 /* ExampleModel.h */ = {isa = PBXFileReference; lastKnownFileType = sourcecode.c.h; path = ExampleModel.h; sourceTree = "<group>"; };
		2B9275281FD90CB000D177E1 /* ExampleModel.m */ = {isa = PBXFileReference; lastKnownFileType = sourcecode.c.objc; path = ExampleModel.m; sourceTree = "<group>"; };
		2B9927D71F77FE7F00FBC958 /* JLCycleScrollView.app */ = {isa = PBXFileReference; explicitFileType = wrapper.application; includeInIndex = 0; path = JLCycleScrollView.app; sourceTree = BUILT_PRODUCTS_DIR; };
		2B9927DB1F77FE7F00FBC958 /* main.m */ = {isa = PBXFileReference; lastKnownFileType = sourcecode.c.objc; path = main.m; sourceTree = "<group>"; };
		2B9927DD1F77FE7F00FBC958 /* AppDelegate.h */ = {isa = PBXFileReference; lastKnownFileType = sourcecode.c.h; path = AppDelegate.h; sourceTree = "<group>"; };
		2B9927DE1F77FE7F00FBC958 /* AppDelegate.m */ = {isa = PBXFileReference; lastKnownFileType = sourcecode.c.objc; path = AppDelegate.m; sourceTree = "<group>"; };
		2B9927E41F77FE8000FBC958 /* Base */ = {isa = PBXFileReference; lastKnownFileType = file.storyboard; name = Base; path = Base.lproj/Main.storyboard; sourceTree = "<group>"; };
		2B9927E61F77FE8000FBC958 /* Assets.xcassets */ = {isa = PBXFileReference; lastKnownFileType = folder.assetcatalog; path = Assets.xcassets; sourceTree = "<group>"; };
		2B9927E91F77FE8000FBC958 /* Base */ = {isa = PBXFileReference; lastKnownFileType = file.storyboard; name = Base; path = Base.lproj/LaunchScreen.storyboard; sourceTree = "<group>"; };
		2B9927EB1F77FE8000FBC958 /* Info.plist */ = {isa = PBXFileReference; lastKnownFileType = text.plist.xml; path = Info.plist; sourceTree = "<group>"; };
		2BBCB61C1FEF5BF100A5CE10 /* JLMainViewController.h */ = {isa = PBXFileReference; lastKnownFileType = sourcecode.c.h; path = JLMainViewController.h; sourceTree = "<group>"; };
		2BBCB61D1FEF5BF100A5CE10 /* JLMainViewController.m */ = {isa = PBXFileReference; lastKnownFileType = sourcecode.c.objc; path = JLMainViewController.m; sourceTree = "<group>"; };
		2BBCB6251FF1581700A5CE10 /* ExampleTwoController.m */ = {isa = PBXFileReference; fileEncoding = 4; lastKnownFileType = sourcecode.c.objc; path = ExampleTwoController.m; sourceTree = "<group>"; };
		2BBCB6261FF1581700A5CE10 /* ExampleTwoController.h */ = {isa = PBXFileReference; fileEncoding = 4; lastKnownFileType = sourcecode.c.h; path = ExampleTwoController.h; sourceTree = "<group>"; };
		2BF34B131FD5452E00F30ECD /* JLCycleScrollerView.h */ = {isa = PBXFileReference; fileEncoding = 4; lastKnownFileType = sourcecode.c.h; path = JLCycleScrollerView.h; sourceTree = "<group>"; };
		2BF34B141FD5452E00F30ECD /* JLCycleScrollerView.m */ = {isa = PBXFileReference; fileEncoding = 4; lastKnownFileType = sourcecode.c.objc; path = JLCycleScrollerView.m; sourceTree = "<group>"; };
		2BF34B151FD5452E00F30ECD /* JLCycScrollDefaultCell.h */ = {isa = PBXFileReference; fileEncoding = 4; lastKnownFileType = sourcecode.c.h; path = JLCycScrollDefaultCell.h; sourceTree = "<group>"; };
		2BF34B161FD5452E00F30ECD /* JLCycScrollDefaultCell.m */ = {isa = PBXFileReference; fileEncoding = 4; lastKnownFileType = sourcecode.c.objc; path = JLCycScrollDefaultCell.m; sourceTree = "<group>"; };
		2BF34B181FD5452E00F30ECD /* JLPageControl.h */ = {isa = PBXFileReference; fileEncoding = 4; lastKnownFileType = sourcecode.c.h; path = JLPageControl.h; sourceTree = "<group>"; };
		2BF34B191FD5452E00F30ECD /* JLPageControl.m */ = {isa = PBXFileReference; fileEncoding = 4; lastKnownFileType = sourcecode.c.objc; path = JLPageControl.m; sourceTree = "<group>"; };
		5E0D799F586CD931AD93A2BF /* Pods-JLCycleScrollView.release.xcconfig */ = {isa = PBXFileReference; includeInIndex = 1; lastKnownFileType = text.xcconfig; name = "Pods-JLCycleScrollView.release.xcconfig"; path = "Pods/Target Support Files/Pods-JLCycleScrollView/Pods-JLCycleScrollView.release.xcconfig"; sourceTree = "<group>"; };
		8231E785ADE7AAE4ACB602F1 /* libPods-JLCycleScrollView.a */ = {isa = PBXFileReference; explicitFileType = archive.ar; includeInIndex = 0; path = "libPods-JLCycleScrollView.a"; sourceTree = BUILT_PRODUCTS_DIR; };
		B0E2AC9D31DEA54856BD4321 /* Pods-JLCycleScrollView.debug.xcconfig */ = {isa = PBXFileReference; includeInIndex = 1; lastKnownFileType = text.xcconfig; name = "Pods-JLCycleScrollView.debug.xcconfig"; path = "Pods/Target Support Files/Pods-JLCycleScrollView/Pods-JLCycleScrollView.debug.xcconfig"; sourceTree = "<group>"; };
/* End PBXFileReference section */

/* Begin PBXFrameworksBuildPhase section */
		2B9927D41F77FE7F00FBC958 /* Frameworks */ = {
			isa = PBXFrameworksBuildPhase;
			buildActionMask = 2147483647;
			files = (
				8E561FAD63EA633EF405E9D6 /* libPods-JLCycleScrollView.a in Frameworks */,
			);
			runOnlyForDeploymentPostprocessing = 0;
		};
/* End PBXFrameworksBuildPhase section */

/* Begin PBXGroup section */
		2B1C95FA1F95B67300B040F6 /* Controllers */ = {
			isa = PBXGroup;
			children = (
				2BBCB61F1FF14E8800A5CE10 /* AllFunctionsController */,
				2B92751D1FD8E6AB00D177E1 /* ExampleController */,
			);
			name = Controllers;
			sourceTree = "<group>";
		};
		2B1C95FB1F95B6C700B040F6 /* Vendor */ = {
			isa = PBXGroup;
			children = (
				2BF34B111FD5452E00F30ECD /* JLCycleScrollerView */,
			);
			path = Vendor;
			sourceTree = "<group>";
		};
		2B92751D1FD8E6AB00D177E1 /* ExampleController */ = {
			isa = PBXGroup;
			children = (
				2BBCB6261FF1581700A5CE10 /* ExampleTwoController.h */,
				2BBCB6251FF1581700A5CE10 /* ExampleTwoController.m */,
				2B1C96241F95B70600B040F6 /* ExampleOneController.h */,
				2B1C96251F95B70600B040F6 /* ExampleOneController.m */,
				2B617DB720550A12005E9E90 /* JLExampleController.h */,
				2B617DB820550A12005E9E90 /* JLExampleController.m */,
			);
			name = ExampleController;
			sourceTree = "<group>";
		};
		2B9275221FD8E7B100D177E1 /* View */ = {
			isa = PBXGroup;
			children = (
				2B9275181FD8E3F900D177E1 /* JLCycScrCustomCell.h */,
				2B9275191FD8E3F900D177E1 /* JLCycScrCustomCell.m */,
				2B92751A1FD8E3F900D177E1 /* JLCycScrCustomCell.xib */,
			);
			name = View;
			sourceTree = "<group>";
		};
		2B9275261FD90C7A00D177E1 /* Model */ = {
			isa = PBXGroup;
			children = (
				2B9275271FD90CB000D177E1 /* ExampleModel.h */,
				2B9275281FD90CB000D177E1 /* ExampleModel.m */,
			);
			name = Model;
			sourceTree = "<group>";
		};
		2B9927CE1F77FE7E00FBC958 = {
			isa = PBXGroup;
			children = (
				2B9927D91F77FE7F00FBC958 /* JLCycleScrollView */,
				2B9927D81F77FE7F00FBC958 /* Products */,
				7A7B0CFB2158AA0F6D09930D /* Pods */,
				9FE32EA4EA6DFFC73B4F950A /* Frameworks */,
			);
			sourceTree = "<group>";
		};
		2B9927D81F77FE7F00FBC958 /* Products */ = {
			isa = PBXGroup;
			children = (
				2B9927D71F77FE7F00FBC958 /* JLCycleScrollView.app */,
			);
			name = Products;
			sourceTree = "<group>";
		};
		2B9927D91F77FE7F00FBC958 /* JLCycleScrollView */ = {
			isa = PBXGroup;
			children = (
				2B1C95FB1F95B6C700B040F6 /* Vendor */,
				2B9275261FD90C7A00D177E1 /* Model */,
				2B9275221FD8E7B100D177E1 /* View */,
				2B1C95FA1F95B67300B040F6 /* Controllers */,
				2B9927DA1F77FE7F00FBC958 /* Supporting Files */,
			);
			path = JLCycleScrollView;
			sourceTree = "<group>";
		};
		2B9927DA1F77FE7F00FBC958 /* Supporting Files */ = {
			isa = PBXGroup;
			children = (
				2B9927DD1F77FE7F00FBC958 /* AppDelegate.h */,
				2B9927DE1F77FE7F00FBC958 /* AppDelegate.m */,
				2B9927E31F77FE8000FBC958 /* Main.storyboard */,
				2B9927E61F77FE8000FBC958 /* Assets.xcassets */,
				2B488CBF202580F90004BACA /* placeholderImage.png */,
				2B9927E81F77FE8000FBC958 /* LaunchScreen.storyboard */,
				2B9927EB1F77FE8000FBC958 /* Info.plist */,
				2B9927DB1F77FE7F00FBC958 /* main.m */,
			);
			name = "Supporting Files";
			sourceTree = "<group>";
		};
		2BBCB61F1FF14E8800A5CE10 /* AllFunctionsController */ = {
			isa = PBXGroup;
			children = (
				2BBCB61C1FEF5BF100A5CE10 /* JLMainViewController.h */,
				2BBCB61D1FEF5BF100A5CE10 /* JLMainViewController.m */,
			);
			name = AllFunctionsController;
			sourceTree = "<group>";
		};
		2BF34B111FD5452E00F30ECD /* JLCycleScrollerView */ = {
			isa = PBXGroup;
			children = (
				2B18CAA11FDDA5B60089E353 /* JLCycSrollCellDataProtocol.h */,
				2BF34B131FD5452E00F30ECD /* JLCycleScrollerView.h */,
				2BF34B141FD5452E00F30ECD /* JLCycleScrollerView.m */,
				2BF34B151FD5452E00F30ECD /* JLCycScrollDefaultCell.h */,
				2BF34B161FD5452E00F30ECD /* JLCycScrollDefaultCell.m */,
				2BF34B181FD5452E00F30ECD /* JLPageControl.h */,
				2BF34B191FD5452E00F30ECD /* JLPageControl.m */,
			);
			path = JLCycleScrollerView;
			sourceTree = "<group>";
		};
		7A7B0CFB2158AA0F6D09930D /* Pods */ = {
			isa = PBXGroup;
			children = (
				B0E2AC9D31DEA54856BD4321 /* Pods-JLCycleScrollView.debug.xcconfig */,
				5E0D799F586CD931AD93A2BF /* Pods-JLCycleScrollView.release.xcconfig */,
			);
			name = Pods;
			sourceTree = "<group>";
		};
		9FE32EA4EA6DFFC73B4F950A /* Frameworks */ = {
			isa = PBXGroup;
			children = (
				8231E785ADE7AAE4ACB602F1 /* libPods-JLCycleScrollView.a */,
			);
			name = Frameworks;
			sourceTree = "<group>";
		};
/* End PBXGroup section */

/* Begin PBXNativeTarget section */
		2B9927D61F77FE7F00FBC958 /* JLCycleScrollView */ = {
			isa = PBXNativeTarget;
			buildConfigurationList = 2B9927EE1F77FE8000FBC958 /* Build configuration list for PBXNativeTarget "JLCycleScrollView" */;
			buildPhases = (
				C637897CBA35C25CF9C46499 /* [CP] Check Pods Manifest.lock */,
				2B9927D31F77FE7F00FBC958 /* Sources */,
				2B9927D41F77FE7F00FBC958 /* Frameworks */,
				2B9927D51F77FE7F00FBC958 /* Resources */,
				276A1C05687A6F664024A4E1 /* [CP] Embed Pods Frameworks */,
				BF7B58DD70D4D18B3382898C /* [CP] Copy Pods Resources */,
			);
			buildRules = (
			);
			dependencies = (
			);
			name = JLCycleScrollView;
			productName = JLCycleScrollView;
			productReference = 2B9927D71F77FE7F00FBC958 /* JLCycleScrollView.app */;
			productType = "com.apple.product-type.application";
		};
/* End PBXNativeTarget section */

/* Begin PBXProject section */
		2B9927CF1F77FE7E00FBC958 /* Project object */ = {
			isa = PBXProject;
			attributes = {
				LastUpgradeCheck = 0820;
				ORGANIZATIONNAME = yangjianliang;
				TargetAttributes = {
					2B9927D61F77FE7F00FBC958 = {
						CreatedOnToolsVersion = 8.2.1;
						DevelopmentTeam = 2VZHX58HUJ;
						ProvisioningStyle = Automatic;
					};
				};
			};
			buildConfigurationList = 2B9927D21F77FE7E00FBC958 /* Build configuration list for PBXProject "JLCycleScrollView" */;
			compatibilityVersion = "Xcode 3.2";
			developmentRegion = English;
			hasScannedForEncodings = 0;
			knownRegions = (
				en,
				Base,
			);
			mainGroup = 2B9927CE1F77FE7E00FBC958;
			productRefGroup = 2B9927D81F77FE7F00FBC958 /* Products */;
			projectDirPath = "";
			projectRoot = "";
			targets = (
				2B9927D61F77FE7F00FBC958 /* JLCycleScrollView */,
			);
		};
/* End PBXProject section */

/* Begin PBXResourcesBuildPhase section */
		2B9927D51F77FE7F00FBC958 /* Resources */ = {
			isa = PBXResourcesBuildPhase;
			buildActionMask = 2147483647;
			files = (
				2B92751C1FD8E3F900D177E1 /* JLCycScrCustomCell.xib in Resources */,
				2B9927EA1F77FE8000FBC958 /* LaunchScreen.storyboard in Resources */,
				2B488CC0202580F90004BACA /* placeholderImage.png in Resources */,
				2B9927E71F77FE8000FBC958 /* Assets.xcassets in Resources */,
				2B9927E51F77FE8000FBC958 /* Main.storyboard in Resources */,
			);
			runOnlyForDeploymentPostprocessing = 0;
		};
/* End PBXResourcesBuildPhase section */

/* Begin PBXShellScriptBuildPhase section */
		276A1C05687A6F664024A4E1 /* [CP] Embed Pods Frameworks */ = {
			isa = PBXShellScriptBuildPhase;
			buildActionMask = 2147483647;
			files = (
			);
			inputPaths = (
			);
			name = "[CP] Embed Pods Frameworks";
			outputPaths = (
			);
			runOnlyForDeploymentPostprocessing = 0;
			shellPath = /bin/sh;
			shellScript = "\"${SRCROOT}/Pods/Target Support Files/Pods-JLCycleScrollView/Pods-JLCycleScrollView-frameworks.sh\"\n";
			showEnvVarsInLog = 0;
		};
		BF7B58DD70D4D18B3382898C /* [CP] Copy Pods Resources */ = {
			isa = PBXShellScriptBuildPhase;
			buildActionMask = 2147483647;
			files = (
			);
			inputPaths = (
			);
			name = "[CP] Copy Pods Resources";
			outputPaths = (
			);
			runOnlyForDeploymentPostprocessing = 0;
			shellPath = /bin/sh;
			shellScript = "\"${SRCROOT}/Pods/Target Support Files/Pods-JLCycleScrollView/Pods-JLCycleScrollView-resources.sh\"\n";
			showEnvVarsInLog = 0;
		};
		C637897CBA35C25CF9C46499 /* [CP] Check Pods Manifest.lock */ = {
			isa = PBXShellScriptBuildPhase;
			buildActionMask = 2147483647;
			files = (
			);
			inputPaths = (
				"${PODS_PODFILE_DIR_PATH}/Podfile.lock",
				"${PODS_ROOT}/Manifest.lock",
			);
			name = "[CP] Check Pods Manifest.lock";
			outputPaths = (
				"$(DERIVED_FILE_DIR)/Pods-JLCycleScrollView-checkManifestLockResult.txt",
			);
			runOnlyForDeploymentPostprocessing = 0;
			shellPath = /bin/sh;
			shellScript = "diff \"${PODS_PODFILE_DIR_PATH}/Podfile.lock\" \"${PODS_ROOT}/Manifest.lock\" > /dev/null\nif [ $? != 0 ] ; then\n    # print error to STDERR\n    echo \"error: The sandbox is not in sync with the Podfile.lock. Run 'pod install' or update your CocoaPods installation.\" >&2\n    exit 1\nfi\n# This output is used by Xcode 'outputs' to avoid re-running this script phase.\necho \"SUCCESS\" > \"${SCRIPT_OUTPUT_FILE_0}\"\n";
			showEnvVarsInLog = 0;
		};
/* End PBXShellScriptBuildPhase section */

/* Begin PBXSourcesBuildPhase section */
		2B9927D31F77FE7F00FBC958 /* Sources */ = {
			isa = PBXSourcesBuildPhase;
			buildActionMask = 2147483647;
			files = (
				2B617DB920550A12005E9E90 /* JLExampleController.m in Sources */,
				2BBCB61E1FEF5BF100A5CE10 /* JLMainViewController.m in Sources */,
				2B9927DF1F77FE7F00FBC958 /* AppDelegate.m in Sources */,
				2BF34B1F1FD5452E00F30ECD /* JLPageControl.m in Sources */,
				2B9275291FD90CB000D177E1 /* ExampleModel.m in Sources */,
				2BF34B1D1FD5452E00F30ECD /* JLCycScrollDefaultCell.m in Sources */,
				2B1C96261F95B70600B040F6 /* ExampleOneController.m in Sources */,
				2BF34B1C1FD5452E00F30ECD /* JLCycleScrollerView.m in Sources */,
				2B9927DC1F77FE7F00FBC958 /* main.m in Sources */,
				2BBCB6271FF1581700A5CE10 /* ExampleTwoController.m in Sources */,
				2B92751B1FD8E3F900D177E1 /* JLCycScrCustomCell.m in Sources */,
			);
			runOnlyForDeploymentPostprocessing = 0;
		};
/* End PBXSourcesBuildPhase section */

/* Begin PBXVariantGroup section */
		2B9927E31F77FE8000FBC958 /* Main.storyboard */ = {
			isa = PBXVariantGroup;
			children = (
				2B9927E41F77FE8000FBC958 /* Base */,
			);
			name = Main.storyboard;
			sourceTree = "<group>";
		};
		2B9927E81F77FE8000FBC958 /* LaunchScreen.storyboard */ = {
			isa = PBXVariantGroup;
			children = (
				2B9927E91F77FE8000FBC958 /* Base */,
			);
			name = LaunchScreen.storyboard;
			sourceTree = "<group>";
		};
/* End PBXVariantGroup section */

/* Begin XCBuildConfiguration section */
		2B9927EC1F77FE8000FBC958 /* Debug */ = {
			isa = XCBuildConfiguration;
			buildSettings = {
				ALWAYS_SEARCH_USER_PATHS = NO;
				CLANG_ANALYZER_NONNULL = YES;
				CLANG_CXX_LANGUAGE_STANDARD = "gnu++0x";
				CLANG_CXX_LIBRARY = "libc++";
				CLANG_ENABLE_MODULES = YES;
				CLANG_ENABLE_OBJC_ARC = YES;
				CLANG_WARN_BOOL_CONVERSION = YES;
				CLANG_WARN_CONSTANT_CONVERSION = YES;
				CLANG_WARN_DIRECT_OBJC_ISA_USAGE = YES_ERROR;
				CLANG_WARN_DOCUMENTATION_COMMENTS = YES;
				CLANG_WARN_EMPTY_BODY = YES;
				CLANG_WARN_ENUM_CONVERSION = YES;
				CLANG_WARN_INFINITE_RECURSION = YES;
				CLANG_WARN_INT_CONVERSION = YES;
				CLANG_WARN_OBJC_ROOT_CLASS = YES_ERROR;
				CLANG_WARN_SUSPICIOUS_MOVE = YES;
				CLANG_WARN_UNREACHABLE_CODE = YES;
				CLANG_WARN__DUPLICATE_METHOD_MATCH = YES;
				"CODE_SIGN_IDENTITY[sdk=iphoneos*]" = "iPhone Developer";
				COPY_PHASE_STRIP = NO;
				DEBUG_INFORMATION_FORMAT = dwarf;
				ENABLE_STRICT_OBJC_MSGSEND = YES;
				ENABLE_TESTABILITY = YES;
				GCC_C_LANGUAGE_STANDARD = gnu99;
				GCC_DYNAMIC_NO_PIC = NO;
				GCC_NO_COMMON_BLOCKS = YES;
				GCC_OPTIMIZATION_LEVEL = 0;
				GCC_PREPROCESSOR_DEFINITIONS = (
					"DEBUG=1",
					"$(inherited)",
				);
				GCC_WARN_64_TO_32_BIT_CONVERSION = YES;
				GCC_WARN_ABOUT_RETURN_TYPE = YES_ERROR;
				GCC_WARN_UNDECLARED_SELECTOR = YES;
				GCC_WARN_UNINITIALIZED_AUTOS = YES_AGGRESSIVE;
				GCC_WARN_UNUSED_FUNCTION = YES;
				GCC_WARN_UNUSED_VARIABLE = YES;
				IPHONEOS_DEPLOYMENT_TARGET = 10.2;
				MTL_ENABLE_DEBUG_INFO = YES;
				ONLY_ACTIVE_ARCH = YES;
				SDKROOT = iphoneos;
			};
			name = Debug;
		};
		2B9927ED1F77FE8000FBC958 /* Release */ = {
			isa = XCBuildConfiguration;
			buildSettings = {
				ALWAYS_SEARCH_USER_PATHS = NO;
				CLANG_ANALYZER_NONNULL = YES;
				CLANG_CXX_LANGUAGE_STANDARD = "gnu++0x";
				CLANG_CXX_LIBRARY = "libc++";
				CLANG_ENABLE_MODULES = YES;
				CLANG_ENABLE_OBJC_ARC = YES;
				CLANG_WARN_BOOL_CONVERSION = YES;
				CLANG_WARN_CONSTANT_CONVERSION = YES;
				CLANG_WARN_DIRECT_OBJC_ISA_USAGE = YES_ERROR;
				CLANG_WARN_DOCUMENTATION_COMMENTS = YES;
				CLANG_WARN_EMPTY_BODY = YES;
				CLANG_WARN_ENUM_CONVERSION = YES;
				CLANG_WARN_INFINITE_RECURSION = YES;
				CLANG_WARN_INT_CONVERSION = YES;
				CLANG_WARN_OBJC_ROOT_CLASS = YES_ERROR;
				CLANG_WARN_SUSPICIOUS_MOVE = YES;
				CLANG_WARN_UNREACHABLE_CODE = YES;
				CLANG_WARN__DUPLICATE_METHOD_MATCH = YES;
				"CODE_SIGN_IDENTITY[sdk=iphoneos*]" = "iPhone Developer";
				COPY_PHASE_STRIP = NO;
				DEBUG_INFORMATION_FORMAT = "dwarf-with-dsym";
				ENABLE_NS_ASSERTIONS = NO;
				ENABLE_STRICT_OBJC_MSGSEND = YES;
				GCC_C_LANGUAGE_STANDARD = gnu99;
				GCC_NO_COMMON_BLOCKS = YES;
				GCC_WARN_64_TO_32_BIT_CONVERSION = YES;
				GCC_WARN_ABOUT_RETURN_TYPE = YES_ERROR;
				GCC_WARN_UNDECLARED_SELECTOR = YES;
				GCC_WARN_UNINITIALIZED_AUTOS = YES_AGGRESSIVE;
				GCC_WARN_UNUSED_FUNCTION = YES;
				GCC_WARN_UNUSED_VARIABLE = YES;
				IPHONEOS_DEPLOYMENT_TARGET = 10.2;
				MTL_ENABLE_DEBUG_INFO = NO;
				SDKROOT = iphoneos;
				VALIDATE_PRODUCT = YES;
			};
			name = Release;
		};
		2B9927EF1F77FE8000FBC958 /* Debug */ = {
			isa = XCBuildConfiguration;
			baseConfigurationReference = B0E2AC9D31DEA54856BD4321 /* Pods-JLCycleScrollView.debug.xcconfig */;
			buildSettings = {
				ASSETCATALOG_COMPILER_APPICON_NAME = AppIcon;
				DEVELOPMENT_TEAM = 2VZHX58HUJ;
				INFOPLIST_FILE = JLCycleScrollView/Info.plist;
				IPHONEOS_DEPLOYMENT_TARGET = 8.0;
				LD_RUNPATH_SEARCH_PATHS = "$(inherited) @executable_path/Frameworks";
				PRODUCT_BUNDLE_IDENTIFIER = com.yangjianliang.love.rouer.JLCycleScrollView;
				PRODUCT_NAME = "$(TARGET_NAME)";
			};
			name = Debug;
		};
		2B9927F01F77FE8000FBC958 /* Release */ = {
			isa = XCBuildConfiguration;
			baseConfigurationReference = 5E0D799F586CD931AD93A2BF /* Pods-JLCycleScrollView.release.xcconfig */;
			buildSettings = {
				ASSETCATALOG_COMPILER_APPICON_NAME = AppIcon;
				DEVELOPMENT_TEAM = 2VZHX58HUJ;
				INFOPLIST_FILE = JLCycleScrollView/Info.plist;
				IPHONEOS_DEPLOYMENT_TARGET = 8.0;
				LD_RUNPATH_SEARCH_PATHS = "$(inherited) @executable_path/Frameworks";
				PRODUCT_BUNDLE_IDENTIFIER = com.yangjianliang.love.rouer.JLCycleScrollView;
				PRODUCT_NAME = "$(TARGET_NAME)";
			};
			name = Release;
		};
/* End XCBuildConfiguration section */

/* Begin XCConfigurationList section */
		2B9927D21F77FE7E00FBC958 /* Build configuration list for PBXProject "JLCycleScrollView" */ = {
			isa = XCConfigurationList;
			buildConfigurations = (
				2B9927EC1F77FE8000FBC958 /* Debug */,
				2B9927ED1F77FE8000FBC958 /* Release */,
			);
			defaultConfigurationIsVisible = 0;
			defaultConfigurationName = Release;
		};
		2B9927EE1F77FE8000FBC958 /* Build configuration list for PBXNativeTarget "JLCycleScrollView" */ = {
			isa = XCConfigurationList;
			buildConfigurations = (
				2B9927EF1F77FE8000FBC958 /* Debug */,
				2B9927F01F77FE8000FBC958 /* Release */,
			);
			defaultConfigurationIsVisible = 0;
			defaultConfigurationName = Release;
		};
/* End XCConfigurationList section */
	};
	rootObject = 2B9927CF1F77FE7E00FBC958 /* Project object */;
}
